
Microsoft Visual Studio Solution File, Format Version 12.00
# Visual Studio Version 17
VisualStudioVersion = 17.5.33424.131
MinimumVisualStudioVersion = 10.0.40219.1
Project("{FAE04EC0-301F-11D3-BF4B-00C04F79EFBC}") = "CrapsSimulator", "CrapsSimulator\CrapsSimulator.csproj", "{BCD76E14-EDFE-4E5B-866C-11133DF9E51B}"
EndProject
Global
	GlobalSection(SolutionConfigurationPlatforms) = preSolution
		Debug|Any CPU = Debug|Any CPU
		Release|Any CPU = Release|Any CPU
	EndGlobalSection
	GlobalSection(ProjectConfigurationPlatforms) = postSolution
		{BCD76E14-EDFE-4E5B-866C-11133DF9E51B}.Debug|Any CPU.ActiveCfg = Debug|Any CPU
		{BCD76E14-EDFE-4E5B-866C-11133DF9E51B}.Debug|Any CPU.Build.0 = Debug|Any CPU
		{BCD76E14-EDFE-4E5B-866C-11133DF9E51B}.Release|Any CPU.ActiveCfg = Release|Any CPU
		{BCD76E14-EDFE-4E5B-866C-11133DF9E51B}.Release|Any CPU.Build.0 = Release|Any CPU
	EndGlobalSection
	GlobalSection(SolutionProperties) = preSolution
		HideSolutionNode = FALSE
	EndGlobalSection
	GlobalSection(ExtensibilityGlobals) = postSolution
		SolutionGuid = {1473E6F6-7324-4769-9610-B51175DB7533}
	EndGlobalSection
EndGlobal
